
Microsoft Visual Studio Solution File, Format Version 12.00
# Visual Studio Version 17
VisualStudioVersion = 17.5.33516.290
MinimumVisualStudioVersion = 10.0.40219.1
Project("{FAE04EC0-301F-11D3-BF4B-00C04F79EFBC}") = "AbstractClasses", "AbstractClasses\AbstractClasses.csproj", "{0B95680E-1ECC-493B-B411-EC7F76CCFEDF}"
EndProject
Global
	GlobalSection(SolutionConfigurationPlatforms) = preSolution
		Debug|Any CPU = Debug|Any CPU
		Release|Any CPU = Release|Any CPU
	EndGlobalSection
	GlobalSection(ProjectConfigurationPlatforms) = postSolution
		{0B95680E-1ECC-493B-B411-EC7F76CCFEDF}.Debug|Any CPU.ActiveCfg = Debug|Any CPU
		{0B95680E-1ECC-493B-B411-EC7F76CCFEDF}.Debug|Any CPU.Build.0 = Debug|Any CPU
		{0B95680E-1ECC-493B-B411-EC7F76CCFEDF}.Release|Any CPU.ActiveCfg = Release|Any CPU
		{0B95680E-1ECC-493B-B411-EC7F76CCFEDF}.Release|Any CPU.Build.0 = Release|Any CPU
	EndGlobalSection
	GlobalSection(SolutionProperties) = preSolution
		HideSolutionNode = FALSE
	EndGlobalSection
	GlobalSection(ExtensibilityGlobals) = postSolution
		SolutionGuid = {6D50524A-70C4-42EE-83FA-031805F2989B}
	EndGlobalSection
EndGlobal
